// !$*UTF8*$!
{
	archiveVersion = 1;
	classes = {
	};
	objectVersion = 50;
	objects = {

/* Begin PBXBuildFile section */
		D45CE8412476BC2C00116DD5 /* AppDelegate.swift in Sources */ = {isa = PBXBuildFile; fileRef = D45CE8402476BC2C00116DD5 /* AppDelegate.swift */; };
		D45CE8432476BC2C00116DD5 /* SceneDelegate.swift in Sources */ = {isa = PBXBuildFile; fileRef = D45CE8422476BC2C00116DD5 /* SceneDelegate.swift */; };
		D45CE8452476BC2C00116DD5 /* ViewController.swift in Sources */ = {isa = PBXBuildFile; fileRef = D45CE8442476BC2C00116DD5 /* ViewController.swift */; };
		D45CE8482476BC2C00116DD5 /* Main.storyboard in Resources */ = {isa = PBXBuildFile; fileRef = D45CE8462476BC2C00116DD5 /* Main.storyboard */; };
		D45CE84A2476BC3800116DD5 /* Assets.xcassets in Resources */ = {isa = PBXBuildFile; fileRef = D45CE8492476BC3800116DD5 /* Assets.xcassets */; };
		D45CE84D2476BC3900116DD5 /* LaunchScreen.storyboard in Resources */ = {isa = PBXBuildFile; fileRef = D45CE84B2476BC3800116DD5 /* LaunchScreen.storyboard */; };
/* End PBXBuildFile section */

/* Begin PBXFileReference section */
		D45CE83D2476BC2C00116DD5 /* Morse Code Translator.app */ = {isa = PBXFileReference; explicitFileType = wrapper.application; includeInIndex = 0; path = "Morse Code Translator.app"; sourceTree = BUILT_PRODUCTS_DIR; };
		D45CE8402476BC2C00116DD5 /* AppDelegate.swift */ = {isa = PBXFileReference; lastKnownFileType = sourcecode.swift; path = AppDelegate.swift; sourceTree = "<group>"; };
		D45CE8422476BC2C00116DD5 /* SceneDelegate.swift */ = {isa = PBXFileReference; lastKnownFileType = sourcecode.swift; path = SceneDelegate.swift; sourceTree = "<group>"; };
		D45CE8442476BC2C00116DD5 /* ViewController.swift */ = {isa = PBXFileReference; lastKnownFileType = sourcecode.swift; path = ViewController.swift; sourceTree = "<group>"; };
		D45CE8472476BC2C00116DD5 /* Base */ = {isa = PBXFileReference; lastKnownFileType = file.storyboard; name = Base; path = Base.lproj/Main.storyboard; sourceTree = "<group>"; };
		D45CE8492476BC3800116DD5 /* Assets.xcassets */ = {isa = PBXFileReference; lastKnownFileType = folder.assetcatalog; path = Assets.xcassets; sourceTree = "<group>"; };
		D45CE84C2476BC3900116DD5 /* Base */ = {isa = PBXFileReference; lastKnownFileType = file.storyboard; name = Base; path = Base.lproj/LaunchScreen.storyboard; sourceTree = "<group>"; };
		D45CE84E2476BC3900116DD5 /* Info.plist */ = {isa = PBXFileReference; lastKnownFileType = text.plist.xml; path = Info.plist; sourceTree = "<group>"; };
/* End PBXFileReference section */

/* Begin PBXFrameworksBuildPhase section */
		D45CE83A2476BC2C00116DD5 /* Frameworks */ = {
			isa = PBXFrameworksBuildPhase;
			buildActionMask = 2147483647;
			files = (
			);
			runOnlyForDeploymentPostprocessing = 0;
		};
/* End PBXFrameworksBuildPhase section */

/* Begin PBXGroup section */
		D45CE8342476BC2C00116DD5 = {
			isa = PBXGroup;
			children = (
				D45CE83F2476BC2C00116DD5 /* Morse Code Translator */,
				D45CE83E2476BC2C00116DD5 /* Products */,
			);
			sourceTree = "<group>";
		};
		D45CE83E2476BC2C00116DD5 /* Products */ = {
			isa = PBXGroup;
			children = (
				D45CE83D2476BC2C00116DD5 /* Morse Code Translator.app */,
			);
			name = Products;
			sourceTree = "<group>";
		};
		D45CE83F2476BC2C00116DD5 /* Morse Code Translator */ = {
			isa = PBXGroup;
			children = (
				D45CE8402476BC2C00116DD5 /* AppDelegate.swift */,
				D45CE8422476BC2C00116DD5 /* SceneDelegate.swift */,
				D45CE8442476BC2C00116DD5 /* ViewController.swift */,
				D45CE8462476BC2C00116DD5 /* Main.storyboard */,
				D45CE8492476BC3800116DD5 /* Assets.xcassets */,
				D45CE84B2476BC3800116DD5 /* LaunchScreen.storyboard */,
				D45CE84E2476BC3900116DD5 /* Info.plist */,
			);
			path = "Morse Code Translator";
			sourceTree = "<group>";
		};
/* End PBXGroup section */

/* Begin PBXNativeTarget section */
		D45CE83C2476BC2C00116DD5 /* Morse Code Translator */ = {
			isa = PBXNativeTarget;
			buildConfigurationList = D45CE8512476BC3900116DD5 /* Build configuration list for PBXNativeTarget "Morse Code Translator" */;
			buildPhases = (
				D45CE8392476BC2C00116DD5 /* Sources */,
				D45CE83A2476BC2C00116DD5 /* Frameworks */,
				D45CE83B2476BC2C00116DD5 /* Resources */,
			);
			buildRules = (
			);
			dependencies = (
			);
			name = "Morse Code Translator";
			productName = "Morse Code Translator";
			productReference = D45CE83D2476BC2C00116DD5 /* Morse Code Translator.app */;
			productType = "com.apple.product-type.application";
		};
/* End PBXNativeTarget section */

/* Begin PBXProject section */
		D45CE8352476BC2C00116DD5 /* Project object */ = {
			isa = PBXProject;
			attributes = {
				LastSwiftUpdateCheck = 1140;
				LastUpgradeCheck = 1140;
				ORGANIZATIONNAME = "Stefan Crudu";
				TargetAttributes = {
					D45CE83C2476BC2C00116DD5 = {
						CreatedOnToolsVersion = 11.4.1;
					};
				};
			};
			buildConfigurationList = D45CE8382476BC2C00116DD5 /* Build configuration list for PBXProject "Morse Code Translator" */;
			compatibilityVersion = "Xcode 9.3";
			developmentRegion = en;
			hasScannedForEncodings = 0;
			knownRegions = (
				en,
				Base,
			);
			mainGroup = D45CE8342476BC2C00116DD5;
			productRefGroup = D45CE83E2476BC2C00116DD5 /* Products */;
			projectDirPath = "";
			projectRoot = "";
			targets = (
				D45CE83C2476BC2C00116DD5 /* Morse Code Translator */,
			);
		};
/* End PBXProject section */

/* Begin PBXResourcesBuildPhase section */
		D45CE83B2476BC2C00116DD5 /* Resources */ = {
			isa = PBXResourcesBuildPhase;
			buildActionMask = 2147483647;
			files = (
				D45CE84D2476BC3900116DD5 /* LaunchScreen.storyboard in Resources */,
				D45CE84A2476BC3800116DD5 /* Assets.xcassets in Resources */,
				D45CE8482476BC2C00116DD5 /* Main.storyboard in Resources */,
			);
			runOnlyForDeploymentPostprocessing = 0;
		};
/* End PBXResourcesBuildPhase section */

/* Begin PBXSourcesBuildPhase section */
		D45CE8392476BC2C00116DD5 /* Sources */ = {
			isa = PBXSourcesBuildPhase;
			buildActionMask = 2147483647;
			files = (
				D45CE8452476BC2C00116DD5 /* ViewController.swift in Sources */,
				D45CE8412476BC2C00116DD5 /* AppDelegate.swift in Sources */,
				D45CE8432476BC2C00116DD5 /* SceneDelegate.swift in Sources */,
			);
			runOnlyForDeploymentPostprocessing = 0;
		};
/* End PBXSourcesBuildPhase section */

/* Begin PBXVariantGroup section */
		D45CE8462476BC2C00116DD5 /* Main.storyboard */ = {
			isa = PBXVariantGroup;
			children = (
				D45CE8472476BC2C00116DD5 /* Base */,
			);
			name = Main.storyboard;
			sourceTree = "<group>";
		};
		D45CE84B2476BC3800116DD5 /* LaunchScreen.storyboard */ = {
			isa = PBXVariantGroup;
			children = (
				D45CE84C2476BC3900116DD5 /* Base */,
			);
			name = LaunchScreen.storyboard;
			sourceTree = "<group>";
		};
/* End PBXVariantGroup section */

/* Begin XCBuildConfiguration section */
		D45CE84F2476BC3900116DD5 /* Debug */ = {
			isa = XCBuildConfiguration;
			buildSettings = {
				ALWAYS_SEARCH_USER_PATHS = NO;
				CLANG_ANALYZER_NONNULL = YES;
				CLANG_ANALYZER_NUMBER_OBJECT_CONVERSION = YES_AGGRESSIVE;
				CLANG_CXX_LANGUAGE_STANDARD = "gnu++14";
				CLANG_CXX_LIBRARY = "libc++";
				CLANG_ENABLE_MODULES = YES;
				CLANG_ENABLE_OBJC_ARC = YES;
				CLANG_ENABLE_OBJC_WEAK = YES;
				CLANG_WARN_BLOCK_CAPTURE_AUTORELEASING = YES;
				CLANG_WARN_BOOL_CONVERSION = YES;
				CLANG_WARN_COMMA = YES;
				CLANG_WARN_CONSTANT_CONVERSION = YES;
				CLANG_WARN_DEPRECATED_OBJC_IMPLEMENTATIONS = YES;
				CLANG_WARN_DIRECT_OBJC_ISA_USAGE = YES_ERROR;
				CLANG_WARN_DOCUMENTATION_COMMENTS = YES;
				CLANG_WARN_EMPTY_BODY = YES;
				CLANG_WARN_ENUM_CONVERSION = YES;
				CLANG_WARN_INFINITE_RECURSION = YES;
				CLANG_WARN_INT_CONVERSION = YES;
				CLANG_WARN_NON_LITERAL_NULL_CONVERSION = YES;
				CLANG_WARN_OBJC_IMPLICIT_RETAIN_SELF = YES;
				CLANG_WARN_OBJC_LITERAL_CONVERSION = YES;
				CLANG_WARN_OBJC_ROOT_CLASS = YES_ERROR;
				CLANG_WARN_RANGE_LOOP_ANALYSIS = YES;
				CLANG_WARN_STRICT_PROTOTYPES = YES;
				CLANG_WARN_SUSPICIOUS_MOVE = YES;
				CLANG_WARN_UNGUARDED_AVAILABILITY = YES_AGGRESSIVE;
				CLANG_WARN_UNREACHABLE_CODE = YES;
				CLANG_WARN__DUPLICATE_METHOD_MATCH = YES;
				COPY_PHASE_STRIP = NO;
				DEBUG_INFORMATION_FORMAT = dwarf;
				ENABLE_STRICT_OBJC_MSGSEND = YES;
				ENABLE_TESTABILITY = YES;
				GCC_C_LANGUAGE_STANDARD = gnu11;
				GCC_DYNAMIC_NO_PIC = NO;
				GCC_NO_COMMON_BLOCKS = YES;
				GCC_OPTIMIZATION_LEVEL = 0;
				GCC_PREPROCESSOR_DEFINITIONS = (
					"DEBUG=1",
					"$(inherited)",
				);
				GCC_WARN_64_TO_32_BIT_CONVERSION = YES;
				GCC_WARN_ABOUT_RETURN_TYPE = YES_ERROR;
				GCC_WARN_UNDECLARED_SELECTOR = YES;
				GCC_WARN_UNINITIALIZED_AUTOS = YES_AGGRESSIVE;
				GCC_WARN_UNUSED_FUNCTION = YES;
				GCC_WARN_UNUSED_VARIABLE = YES;
				IPHONEOS_DEPLOYMENT_TARGET = 13.4;
				MTL_ENABLE_DEBUG_INFO = INCLUDE_SOURCE;
				MTL_FAST_MATH = YES;
				ONLY_ACTIVE_ARCH = YES;
				SDKROOT = iphoneos;
				SWIFT_ACTIVE_COMPILATION_CONDITIONS = DEBUG;
				SWIFT_OPTIMIZATION_LEVEL = "-Onone";
			};
			name = Debug;
		};
		D45CE8502476BC3900116DD5 /* Release */ = {
			isa = XCBuildConfiguration;
			buildSettings = {
				ALWAYS_SEARCH_USER_PATHS = NO;
				CLANG_ANALYZER_NONNULL = YES;
				CLANG_ANALYZER_NUMBER_OBJECT_CONVERSION = YES_AGGRESSIVE;
				CLANG_CXX_LANGUAGE_STANDARD = "gnu++14";
				CLANG_CXX_LIBRARY = "libc++";
				CLANG_ENABLE_MODULES = YES;
				CLANG_ENABLE_OBJC_ARC = YES;
				CLANG_ENABLE_OBJC_WEAK = YES;
				CLANG_WARN_BLOCK_CAPTURE_AUTORELEASING = YES;
				CLANG_WARN_BOOL_CONVERSION = YES;
				CLANG_WARN_COMMA = YES;
				CLANG_WARN_CONSTANT_CONVERSION = YES;
				CLANG_WARN_DEPRECATED_OBJC_IMPLEMENTATIONS = YES;
				CLANG_WARN_DIRECT_OBJC_ISA_USAGE = YES_ERROR;
				CLANG_WARN_DOCUMENTATION_COMMENTS = YES;
				CLANG_WARN_EMPTY_BODY = YES;
				CLANG_WARN_ENUM_CONVERSION = YES;
				CLANG_WARN_INFINITE_RECURSION = YES;
				CLANG_WARN_INT_CONVERSION = YES;
				CLANG_WARN_NON_LITERAL_NULL_CONVERSION = YES;
				CLANG_WARN_OBJC_IMPLICIT_RETAIN_SELF = YES;
				CLANG_WARN_OBJC_LITERAL_CONVERSION = YES;
				CLANG_WARN_OBJC_ROOT_CLASS = YES_ERROR;
				CLANG_WARN_RANGE_LOOP_ANALYSIS = YES;
				CLANG_WARN_STRICT_PROTOTYPES = YES;
				CLANG_WARN_SUSPICIOUS_MOVE = YES;
				CLANG_WARN_UNGUARDED_AVAILABILITY = YES_AGGRESSIVE;
				CLANG_WARN_UNREACHABLE_CODE = YES;
				CLANG_WARN__DUPLICATE_METHOD_MATCH = YES;
				COPY_PHASE_STRIP = NO;
				DEBUG_INFORMATION_FORMAT = "dwarf-with-dsym";
				ENABLE_NS_ASSERTIONS = NO;
				ENABLE_STRICT_OBJC_MSGSEND = YES;
				GCC_C_LANGUAGE_STANDARD = gnu11;
				GCC_NO_COMMON_BLOCKS = YES;
				GCC_WARN_64_TO_32_BIT_CONVERSION = YES;
				GCC_WARN_ABOUT_RETURN_TYPE = YES_ERROR;
				GCC_WARN_UNDECLARED_SELECTOR = YES;
				GCC_WARN_UNINITIALIZED_AUTOS = YES_AGGRESSIVE;
				GCC_WARN_UNUSED_FUNCTION = YES;
				GCC_WARN_UNUSED_VARIABLE = YES;
				IPHONEOS_DEPLOYMENT_TARGET = 13.4;
				MTL_ENABLE_DEBUG_INFO = NO;
				MTL_FAST_MATH = YES;
				SDKROOT = iphoneos;
				SWIFT_COMPILATION_MODE = wholemodule;
				SWIFT_OPTIMIZATION_LEVEL = "-O";
				VALIDATE_PRODUCT = YES;
			};
			name = Release;
		};
		D45CE8522476BC3900116DD5 /* Debug */ = {
			isa = XCBuildConfiguration;
			buildSettings = {
				ASSETCATALOG_COMPILER_APPICON_NAME = AppIcon;
				CODE_SIGN_STYLE = Automatic;
				DEVELOPMENT_TEAM = S3SMDSS7CA;
				INFOPLIST_FILE = "Morse Code Translator/Info.plist";
				LD_RUNPATH_SEARCH_PATHS = (
					"$(inherited)",
					"@executable_path/Frameworks",
				);
				PRODUCT_BUNDLE_IDENTIFIER = "crudu.stefan.Morse-Code-Translator";
				PRODUCT_NAME = "$(TARGET_NAME)";
				SWIFT_VERSION = 5.0;
				TARGETED_DEVICE_FAMILY = "1,2";
			};
			name = Debug;
		};
		D45CE8532476BC3900116DD5 /* Release */ = {
			isa = XCBuildConfiguration;
			buildSettings = {
				ASSETCATALOG_COMPILER_APPICON_NAME = AppIcon;
				CODE_SIGN_STYLE = Automatic;
				DEVELOPMENT_TEAM = S3SMDSS7CA;
				INFOPLIST_FILE = "Morse Code Translator/Info.plist";
				LD_RUNPATH_SEARCH_PATHS = (
					"$(inherited)",
					"@executable_path/Frameworks",
				);
				PRODUCT_BUNDLE_IDENTIFIER = "crudu.stefan.Morse-Code-Translator";
				PRODUCT_NAME = "$(TARGET_NAME)";
				SWIFT_VERSION = 5.0;
				TARGETED_DEVICE_FAMILY = "1,2";
			};
			name = Release;
		};
/* End XCBuildConfiguration section */

/* Begin XCConfigurationList section */
		D45CE8382476BC2C00116DD5 /* Build configuration list for PBXProject "Morse Code Translator" */ = {
			isa = XCConfigurationList;
			buildConfigurations = (
				D45CE84F2476BC3900116DD5 /* Debug */,
				D45CE8502476BC3900116DD5 /* Release */,
			);
			defaultConfigurationIsVisible = 0;
			defaultConfigurationName = Release;
		};
		D45CE8512476BC3900116DD5 /* Build configuration list for PBXNativeTarget "Morse Code Translator" */ = {
			isa = XCConfigurationList;
			buildConfigurations = (
				D45CE8522476BC3900116DD5 /* Debug */,
				D45CE8532476BC3900116DD5 /* Release */,
			);
			defaultConfigurationIsVisible = 0;
			defaultConfigurationName = Release;
		};
/* End XCConfigurationList section */
	};
	rootObject = D45CE8352476BC2C00116DD5 /* Project object */;
}
